// !$*UTF8*$!
{
	archiveVersion = 1;
	classes = {
	};
	objectVersion = 50;
	objects = {

/* Begin PBXBuildFile section */
		04133E9A22CE0EBB00EC627D /* AppDelegate.swift in Sources */ = {isa = PBXBuildFile; fileRef = 04133E9922CE0EBB00EC627D /* AppDelegate.swift */; };
		04133E9C22CE0EBB00EC627D /* ViewController.swift in Sources */ = {isa = PBXBuildFile; fileRef = 04133E9B22CE0EBB00EC627D /* ViewController.swift */; };
		04133E9F22CE0EBB00EC627D /* Main.storyboard in Resources */ = {isa = PBXBuildFile; fileRef = 04133E9D22CE0EBB00EC627D /* Main.storyboard */; };
		04133EA122CE0EBC00EC627D /* Assets.xcassets in Resources */ = {isa = PBXBuildFile; fileRef = 04133EA022CE0EBC00EC627D /* Assets.xcassets */; };
		04133EA422CE0EBC00EC627D /* LaunchScreen.storyboard in Resources */ = {isa = PBXBuildFile; fileRef = 04133EA222CE0EBC00EC627D /* LaunchScreen.storyboard */; };
		04133EAE22CE0F7700EC627D /* Video.swift in Sources */ = {isa = PBXBuildFile; fileRef = 04133EAD22CE0F7700EC627D /* Video.swift */; };
		04133EB022CE0F9700EC627D /* VideoModel.swift in Sources */ = {isa = PBXBuildFile; fileRef = 04133EAF22CE0F9700EC627D /* VideoModel.swift */; };
		04133EB222CE11CD00EC627D /* VideoDetailViewController.swift in Sources */ = {isa = PBXBuildFile; fileRef = 04133EB122CE11CD00EC627D /* VideoDetailViewController.swift */; };
		24CEF0923CEA65DD50AF1414 /* Pods_YouTubeApp.framework in Frameworks */ = {isa = PBXBuildFile; fileRef = 198C2D67CC9AB82F739ECDDD /* Pods_YouTubeApp.framework */; };
/* End PBXBuildFile section */

/* Begin PBXFileReference section */
		04133E9622CE0EBB00EC627D /* YouTubeApp.app */ = {isa = PBXFileReference; explicitFileType = wrapper.application; includeInIndex = 0; path = YouTubeApp.app; sourceTree = BUILT_PRODUCTS_DIR; };
		04133E9922CE0EBB00EC627D /* AppDelegate.swift */ = {isa = PBXFileReference; lastKnownFileType = sourcecode.swift; path = AppDelegate.swift; sourceTree = "<group>"; };
		04133E9B22CE0EBB00EC627D /* ViewController.swift */ = {isa = PBXFileReference; lastKnownFileType = sourcecode.swift; path = ViewController.swift; sourceTree = "<group>"; };
		04133E9E22CE0EBB00EC627D /* Base */ = {isa = PBXFileReference; lastKnownFileType = file.storyboard; name = Base; path = Base.lproj/Main.storyboard; sourceTree = "<group>"; };
		04133EA022CE0EBC00EC627D /* Assets.xcassets */ = {isa = PBXFileReference; lastKnownFileType = folder.assetcatalog; path = Assets.xcassets; sourceTree = "<group>"; };
		04133EA322CE0EBC00EC627D /* Base */ = {isa = PBXFileReference; lastKnownFileType = file.storyboard; name = Base; path = Base.lproj/LaunchScreen.storyboard; sourceTree = "<group>"; };
		04133EA522CE0EBC00EC627D /* Info.plist */ = {isa = PBXFileReference; lastKnownFileType = text.plist.xml; path = Info.plist; sourceTree = "<group>"; };
		04133EAD22CE0F7700EC627D /* Video.swift */ = {isa = PBXFileReference; lastKnownFileType = sourcecode.swift; path = Video.swift; sourceTree = "<group>"; };
		04133EAF22CE0F9700EC627D /* VideoModel.swift */ = {isa = PBXFileReference; lastKnownFileType = sourcecode.swift; path = VideoModel.swift; sourceTree = "<group>"; };
		04133EB122CE11CD00EC627D /* VideoDetailViewController.swift */ = {isa = PBXFileReference; lastKnownFileType = sourcecode.swift; path = VideoDetailViewController.swift; sourceTree = "<group>"; };
		198C2D67CC9AB82F739ECDDD /* Pods_YouTubeApp.framework */ = {isa = PBXFileReference; explicitFileType = wrapper.framework; includeInIndex = 0; path = Pods_YouTubeApp.framework; sourceTree = BUILT_PRODUCTS_DIR; };
		8662151D13C1E8A1E0FC7D4B /* Pods-YouTubeApp.debug.xcconfig */ = {isa = PBXFileReference; includeInIndex = 1; lastKnownFileType = text.xcconfig; name = "Pods-YouTubeApp.debug.xcconfig"; path = "Target Support Files/Pods-YouTubeApp/Pods-YouTubeApp.debug.xcconfig"; sourceTree = "<group>"; };
		92D26AB2F0972E3C69B05E13 /* Pods-YouTubeApp.release.xcconfig */ = {isa = PBXFileReference; includeInIndex = 1; lastKnownFileType = text.xcconfig; name = "Pods-YouTubeApp.release.xcconfig"; path = "Target Support Files/Pods-YouTubeApp/Pods-YouTubeApp.release.xcconfig"; sourceTree = "<group>"; };
/* End PBXFileReference section */

/* Begin PBXFrameworksBuildPhase section */
		04133E9322CE0EBB00EC627D /* Frameworks */ = {
			isa = PBXFrameworksBuildPhase;
			buildActionMask = 2147483647;
			files = (
				24CEF0923CEA65DD50AF1414 /* Pods_YouTubeApp.framework in Frameworks */,
			);
			runOnlyForDeploymentPostprocessing = 0;
		};
/* End PBXFrameworksBuildPhase section */

/* Begin PBXGroup section */
		04133E8D22CE0EBB00EC627D = {
			isa = PBXGroup;
			children = (
				04133E9822CE0EBB00EC627D /* YouTubeApp */,
				04133E9722CE0EBB00EC627D /* Products */,
				6C7300C080A98AC6149E9087 /* Pods */,
				0CA41B76D93DC89FED453ED9 /* Frameworks */,
			);
			sourceTree = "<group>";
		};
		04133E9722CE0EBB00EC627D /* Products */ = {
			isa = PBXGroup;
			children = (
				04133E9622CE0EBB00EC627D /* YouTubeApp.app */,
			);
			name = Products;
			sourceTree = "<group>";
		};
		04133E9822CE0EBB00EC627D /* YouTubeApp */ = {
			isa = PBXGroup;
			children = (
				04133EAC22CE0F6300EC627D /* classes */,
				04133EAB22CE0F5200EC627D /* controllers */,
				04133E9922CE0EBB00EC627D /* AppDelegate.swift */,
				04133E9D22CE0EBB00EC627D /* Main.storyboard */,
				04133EA022CE0EBC00EC627D /* Assets.xcassets */,
				04133EA222CE0EBC00EC627D /* LaunchScreen.storyboard */,
				04133EA522CE0EBC00EC627D /* Info.plist */,
			);
			path = YouTubeApp;
			sourceTree = "<group>";
		};
		04133EAB22CE0F5200EC627D /* controllers */ = {
			isa = PBXGroup;
			children = (
				04133E9B22CE0EBB00EC627D /* ViewController.swift */,
				04133EB122CE11CD00EC627D /* VideoDetailViewController.swift */,
			);
			path = controllers;
			sourceTree = "<group>";
		};
		04133EAC22CE0F6300EC627D /* classes */ = {
			isa = PBXGroup;
			children = (
				04133EAD22CE0F7700EC627D /* Video.swift */,
				04133EAF22CE0F9700EC627D /* VideoModel.swift */,
			);
			path = classes;
			sourceTree = "<group>";
		};
		0CA41B76D93DC89FED453ED9 /* Frameworks */ = {
			isa = PBXGroup;
			children = (
				198C2D67CC9AB82F739ECDDD /* Pods_YouTubeApp.framework */,
			);
			name = Frameworks;
			sourceTree = "<group>";
		};
		6C7300C080A98AC6149E9087 /* Pods */ = {
			isa = PBXGroup;
			children = (
				8662151D13C1E8A1E0FC7D4B /* Pods-YouTubeApp.debug.xcconfig */,
				92D26AB2F0972E3C69B05E13 /* Pods-YouTubeApp.release.xcconfig */,
			);
			path = Pods;
			sourceTree = "<group>";
		};
/* End PBXGroup section */

/* Begin PBXNativeTarget section */
		04133E9522CE0EBB00EC627D /* YouTubeApp */ = {
			isa = PBXNativeTarget;
			buildConfigurationList = 04133EA822CE0EBC00EC627D /* Build configuration list for PBXNativeTarget "YouTubeApp" */;
			buildPhases = (
				9A637186F1FC3E625F91B074 /* [CP] Check Pods Manifest.lock */,
				04133E9222CE0EBB00EC627D /* Sources */,
				04133E9322CE0EBB00EC627D /* Frameworks */,
				04133E9422CE0EBB00EC627D /* Resources */,
				47C3BCFB439952D0D4ECC589 /* [CP] Embed Pods Frameworks */,
			);
			buildRules = (
			);
			dependencies = (
			);
			name = YouTubeApp;
			productName = YouTubeApp;
			productReference = 04133E9622CE0EBB00EC627D /* YouTubeApp.app */;
			productType = "com.apple.product-type.application";
		};
/* End PBXNativeTarget section */

/* Begin PBXProject section */
		04133E8E22CE0EBB00EC627D /* Project object */ = {
			isa = PBXProject;
			attributes = {
				LastSwiftUpdateCheck = 1020;
				LastUpgradeCheck = 1020;
				ORGANIZATIONNAME = Mac;
				TargetAttributes = {
					04133E9522CE0EBB00EC627D = {
						CreatedOnToolsVersion = 10.2;
					};
				};
			};
			buildConfigurationList = 04133E9122CE0EBB00EC627D /* Build configuration list for PBXProject "YouTubeApp" */;
			compatibilityVersion = "Xcode 9.3";
			developmentRegion = en;
			hasScannedForEncodings = 0;
			knownRegions = (
				en,
				Base,
			);
			mainGroup = 04133E8D22CE0EBB00EC627D;
			productRefGroup = 04133E9722CE0EBB00EC627D /* Products */;
			projectDirPath = "";
			projectRoot = "";
			targets = (
				04133E9522CE0EBB00EC627D /* YouTubeApp */,
			);
		};
/* End PBXProject section */

/* Begin PBXResourcesBuildPhase section */
		04133E9422CE0EBB00EC627D /* Resources */ = {
			isa = PBXResourcesBuildPhase;
			buildActionMask = 2147483647;
			files = (
				04133EA422CE0EBC00EC627D /* LaunchScreen.storyboard in Resources */,
				04133EA122CE0EBC00EC627D /* Assets.xcassets in Resources */,
				04133E9F22CE0EBB00EC627D /* Main.storyboard in Resources */,
			);
			runOnlyForDeploymentPostprocessing = 0;
		};
/* End PBXResourcesBuildPhase section */

/* Begin PBXShellScriptBuildPhase section */
		47C3BCFB439952D0D4ECC589 /* [CP] Embed Pods Frameworks */ = {
			isa = PBXShellScriptBuildPhase;
			buildActionMask = 2147483647;
			files = (
			);
			inputFileListPaths = (
			);
			inputPaths = (
				"${PODS_ROOT}/Target Support Files/Pods-YouTubeApp/Pods-YouTubeApp-frameworks.sh",
				"${BUILT_PRODUCTS_DIR}/Alamofire/Alamofire.framework",
			);
			name = "[CP] Embed Pods Frameworks";
			outputFileListPaths = (
			);
			outputPaths = (
				"${TARGET_BUILD_DIR}/${FRAMEWORKS_FOLDER_PATH}/Alamofire.framework",
			);
			runOnlyForDeploymentPostprocessing = 0;
			shellPath = /bin/sh;
			shellScript = "\"${PODS_ROOT}/Target Support Files/Pods-YouTubeApp/Pods-YouTubeApp-frameworks.sh\"\n";
			showEnvVarsInLog = 0;
		};
		9A637186F1FC3E625F91B074 /* [CP] Check Pods Manifest.lock */ = {
			isa = PBXShellScriptBuildPhase;
			buildActionMask = 2147483647;
			files = (
			);
			inputFileListPaths = (
			);
			inputPaths = (
				"${PODS_PODFILE_DIR_PATH}/Podfile.lock",
				"${PODS_ROOT}/Manifest.lock",
			);
			name = "[CP] Check Pods Manifest.lock";
			outputFileListPaths = (
			);
			outputPaths = (
				"$(DERIVED_FILE_DIR)/Pods-YouTubeApp-checkManifestLockResult.txt",
			);
			runOnlyForDeploymentPostprocessing = 0;
			shellPath = /bin/sh;
			shellScript = "diff \"${PODS_PODFILE_DIR_PATH}/Podfile.lock\" \"${PODS_ROOT}/Manifest.lock\" > /dev/null\nif [ $? != 0 ] ; then\n    # print error to STDERR\n    echo \"error: The sandbox is not in sync with the Podfile.lock. Run 'pod install' or update your CocoaPods installation.\" >&2\n    exit 1\nfi\n# This output is used by Xcode 'outputs' to avoid re-running this script phase.\necho \"SUCCESS\" > \"${SCRIPT_OUTPUT_FILE_0}\"\n";
			showEnvVarsInLog = 0;
		};
/* End PBXShellScriptBuildPhase section */

/* Begin PBXSourcesBuildPhase section */
		04133E9222CE0EBB00EC627D /* Sources */ = {
			isa = PBXSourcesBuildPhase;
			buildActionMask = 2147483647;
			files = (
				04133E9C22CE0EBB00EC627D /* ViewController.swift in Sources */,
				04133EAE22CE0F7700EC627D /* Video.swift in Sources */,
				04133E9A22CE0EBB00EC627D /* AppDelegate.swift in Sources */,
				04133EB222CE11CD00EC627D /* VideoDetailViewController.swift in Sources */,
				04133EB022CE0F9700EC627D /* VideoModel.swift in Sources */,
			);
			runOnlyForDeploymentPostprocessing = 0;
		};
/* End PBXSourcesBuildPhase section */

/* Begin PBXVariantGroup section */
		04133E9D22CE0EBB00EC627D /* Main.storyboard */ = {
			isa = PBXVariantGroup;
			children = (
				04133E9E22CE0EBB00EC627D /* Base */,
			);
			name = Main.storyboard;
			sourceTree = "<group>";
		};
		04133EA222CE0EBC00EC627D /* LaunchScreen.storyboard */ = {
			isa = PBXVariantGroup;
			children = (
				04133EA322CE0EBC00EC627D /* Base */,
			);
			name = LaunchScreen.storyboard;
			sourceTree = "<group>";
		};
/* End PBXVariantGroup section */

/* Begin XCBuildConfiguration section */
		04133EA622CE0EBC00EC627D /* Debug */ = {
			isa = XCBuildConfiguration;
			buildSettings = {
				ALWAYS_SEARCH_USER_PATHS = NO;
				CLANG_ANALYZER_NONNULL = YES;
				CLANG_ANALYZER_NUMBER_OBJECT_CONVERSION = YES_AGGRESSIVE;
				CLANG_CXX_LANGUAGE_STANDARD = "gnu++14";
				CLANG_CXX_LIBRARY = "libc++";
				CLANG_ENABLE_MODULES = YES;
				CLANG_ENABLE_OBJC_ARC = YES;
				CLANG_ENABLE_OBJC_WEAK = YES;
				CLANG_WARN_BLOCK_CAPTURE_AUTORELEASING = YES;
				CLANG_WARN_BOOL_CONVERSION = YES;
				CLANG_WARN_COMMA = YES;
				CLANG_WARN_CONSTANT_CONVERSION = YES;
				CLANG_WARN_DEPRECATED_OBJC_IMPLEMENTATIONS = YES;
				CLANG_WARN_DIRECT_OBJC_ISA_USAGE = YES_ERROR;
				CLANG_WARN_DOCUMENTATION_COMMENTS = YES;
				CLANG_WARN_EMPTY_BODY = YES;
				CLANG_WARN_ENUM_CONVERSION = YES;
				CLANG_WARN_INFINITE_RECURSION = YES;
				CLANG_WARN_INT_CONVERSION = YES;
				CLANG_WARN_NON_LITERAL_NULL_CONVERSION = YES;
				CLANG_WARN_OBJC_IMPLICIT_RETAIN_SELF = YES;
				CLANG_WARN_OBJC_LITERAL_CONVERSION = YES;
				CLANG_WARN_OBJC_ROOT_CLASS = YES_ERROR;
				CLANG_WARN_RANGE_LOOP_ANALYSIS = YES;
				CLANG_WARN_STRICT_PROTOTYPES = YES;
				CLANG_WARN_SUSPICIOUS_MOVE = YES;
				CLANG_WARN_UNGUARDED_AVAILABILITY = YES_AGGRESSIVE;
				CLANG_WARN_UNREACHABLE_CODE = YES;
				CLANG_WARN__DUPLICATE_METHOD_MATCH = YES;
				CODE_SIGN_IDENTITY = "iPhone Developer";
				COPY_PHASE_STRIP = NO;
				DEBUG_INFORMATION_FORMAT = dwarf;
				ENABLE_STRICT_OBJC_MSGSEND = YES;
				ENABLE_TESTABILITY = YES;
				GCC_C_LANGUAGE_STANDARD = gnu11;
				GCC_DYNAMIC_NO_PIC = NO;
				GCC_NO_COMMON_BLOCKS = YES;
				GCC_OPTIMIZATION_LEVEL = 0;
				GCC_PREPROCESSOR_DEFINITIONS = (
					"DEBUG=1",
					"$(inherited)",
				);
				GCC_WARN_64_TO_32_BIT_CONVERSION = YES;
				GCC_WARN_ABOUT_RETURN_TYPE = YES_ERROR;
				GCC_WARN_UNDECLARED_SELECTOR = YES;
				GCC_WARN_UNINITIALIZED_AUTOS = YES_AGGRESSIVE;
				GCC_WARN_UNUSED_FUNCTION = YES;
				GCC_WARN_UNUSED_VARIABLE = YES;
				IPHONEOS_DEPLOYMENT_TARGET = 12.2;
				MTL_ENABLE_DEBUG_INFO = INCLUDE_SOURCE;
				MTL_FAST_MATH = YES;
				ONLY_ACTIVE_ARCH = YES;
				SDKROOT = iphoneos;
				SWIFT_ACTIVE_COMPILATION_CONDITIONS = DEBUG;
				SWIFT_OPTIMIZATION_LEVEL = "-Onone";
			};
			name = Debug;
		};
		04133EA722CE0EBC00EC627D /* Release */ = {
			isa = XCBuildConfiguration;
			buildSettings = {
				ALWAYS_SEARCH_USER_PATHS = NO;
				CLANG_ANALYZER_NONNULL = YES;
				CLANG_ANALYZER_NUMBER_OBJECT_CONVERSION = YES_AGGRESSIVE;
				CLANG_CXX_LANGUAGE_STANDARD = "gnu++14";
				CLANG_CXX_LIBRARY = "libc++";
				CLANG_ENABLE_MODULES = YES;
				CLANG_ENABLE_OBJC_ARC = YES;
				CLANG_ENABLE_OBJC_WEAK = YES;
				CLANG_WARN_BLOCK_CAPTURE_AUTORELEASING = YES;
				CLANG_WARN_BOOL_CONVERSION = YES;
				CLANG_WARN_COMMA = YES;
				CLANG_WARN_CONSTANT_CONVERSION = YES;
				CLANG_WARN_DEPRECATED_OBJC_IMPLEMENTATIONS = YES;
				CLANG_WARN_DIRECT_OBJC_ISA_USAGE = YES_ERROR;
				CLANG_WARN_DOCUMENTATION_COMMENTS = YES;
				CLANG_WARN_EMPTY_BODY = YES;
				CLANG_WARN_ENUM_CONVERSION = YES;
				CLANG_WARN_INFINITE_RECURSION = YES;
				CLANG_WARN_INT_CONVERSION = YES;
				CLANG_WARN_NON_LITERAL_NULL_CONVERSION = YES;
				CLANG_WARN_OBJC_IMPLICIT_RETAIN_SELF = YES;
				CLANG_WARN_OBJC_LITERAL_CONVERSION = YES;
				CLANG_WARN_OBJC_ROOT_CLASS = YES_ERROR;
				CLANG_WARN_RANGE_LOOP_ANALYSIS = YES;
				CLANG_WARN_STRICT_PROTOTYPES = YES;
				CLANG_WARN_SUSPICIOUS_MOVE = YES;
				CLANG_WARN_UNGUARDED_AVAILABILITY = YES_AGGRESSIVE;
				CLANG_WARN_UNREACHABLE_CODE = YES;
				CLANG_WARN__DUPLICATE_METHOD_MATCH = YES;
				CODE_SIGN_IDENTITY = "iPhone Developer";
				COPY_PHASE_STRIP = NO;
				DEBUG_INFORMATION_FORMAT = "dwarf-with-dsym";
				ENABLE_NS_ASSERTIONS = NO;
				ENABLE_STRICT_OBJC_MSGSEND = YES;
				GCC_C_LANGUAGE_STANDARD = gnu11;
				GCC_NO_COMMON_BLOCKS = YES;
				GCC_WARN_64_TO_32_BIT_CONVERSION = YES;
				GCC_WARN_ABOUT_RETURN_TYPE = YES_ERROR;
				GCC_WARN_UNDECLARED_SELECTOR = YES;
				GCC_WARN_UNINITIALIZED_AUTOS = YES_AGGRESSIVE;
				GCC_WARN_UNUSED_FUNCTION = YES;
				GCC_WARN_UNUSED_VARIABLE = YES;
				IPHONEOS_DEPLOYMENT_TARGET = 12.2;
				MTL_ENABLE_DEBUG_INFO = NO;
				MTL_FAST_MATH = YES;
				SDKROOT = iphoneos;
				SWIFT_COMPILATION_MODE = wholemodule;
				SWIFT_OPTIMIZATION_LEVEL = "-O";
				VALIDATE_PRODUCT = YES;
			};
			name = Release;
		};
		04133EA922CE0EBC00EC627D /* Debug */ = {
			isa = XCBuildConfiguration;
			baseConfigurationReference = 8662151D13C1E8A1E0FC7D4B /* Pods-YouTubeApp.debug.xcconfig */;
			buildSettings = {
				ASSETCATALOG_COMPILER_APPICON_NAME = AppIcon;
				CODE_SIGN_STYLE = Automatic;
				INFOPLIST_FILE = YouTubeApp/Info.plist;
				LD_RUNPATH_SEARCH_PATHS = (
					"$(inherited)",
					"@executable_path/Frameworks",
				);
				PRODUCT_BUNDLE_IDENTIFIER = eman.YouTubeApp;
				PRODUCT_NAME = "$(TARGET_NAME)";
				SWIFT_VERSION = 5.0;
				TARGETED_DEVICE_FAMILY = "1,2";
			};
			name = Debug;
		};
		04133EAA22CE0EBC00EC627D /* Release */ = {
			isa = XCBuildConfiguration;
			baseConfigurationReference = 92D26AB2F0972E3C69B05E13 /* Pods-YouTubeApp.release.xcconfig */;
			buildSettings = {
				ASSETCATALOG_COMPILER_APPICON_NAME = AppIcon;
				CODE_SIGN_STYLE = Automatic;
				INFOPLIST_FILE = YouTubeApp/Info.plist;
				LD_RUNPATH_SEARCH_PATHS = (
					"$(inherited)",
					"@executable_path/Frameworks",
				);
				PRODUCT_BUNDLE_IDENTIFIER = eman.YouTubeApp;
				PRODUCT_NAME = "$(TARGET_NAME)";
				SWIFT_VERSION = 5.0;
				TARGETED_DEVICE_FAMILY = "1,2";
			};
			name = Release;
		};
/* End XCBuildConfiguration section */

/* Begin XCConfigurationList section */
		04133E9122CE0EBB00EC627D /* Build configuration list for PBXProject "YouTubeApp" */ = {
			isa = XCConfigurationList;
			buildConfigurations = (
				04133EA622CE0EBC00EC627D /* Debug */,
				04133EA722CE0EBC00EC627D /* Release */,
			);
			defaultConfigurationIsVisible = 0;
			defaultConfigurationName = Release;
		};
		04133EA822CE0EBC00EC627D /* Build configuration list for PBXNativeTarget "YouTubeApp" */ = {
			isa = XCConfigurationList;
			buildConfigurations = (
				04133EA922CE0EBC00EC627D /* Debug */,
				04133EAA22CE0EBC00EC627D /* Release */,
			);
			defaultConfigurationIsVisible = 0;
			defaultConfigurationName = Release;
		};
/* End XCConfigurationList section */
	};
	rootObject = 04133E8E22CE0EBB00EC627D /* Project object */;
}
